
Microsoft Visual Studio Solution File, Format Version 12.00
# Visual Studio Version 17
VisualStudioVersion = 17.2.32526.322
MinimumVisualStudioVersion = 10.0.40219.1
Project("{2150E333-8FDC-42A3-9474-1A3956D46DE8}") = "API", "API", "{7FB5AFAE-00AD-4A0E-9E1C-84D3E54A5314}"
EndProject
Project("{2150E333-8FDC-42A3-9474-1A3956D46DE8}") = "Application", "Application", "{2DAB60D7-5A6B-4CEC-A89D-2D0EA563B334}"
EndProject
Project("{2150E333-8FDC-42A3-9474-1A3956D46DE8}") = "Tools", "Tools", "{BCDD88E8-992E-4798-A26E-12FB1F55E5A5}"
EndProject
Project("{9A19103F-16F7-4668-BE54-9A1E7A4F7556}") = "Models", "Models\Models.csproj", "{3293480B-3D47-4DC8-BEC3-12EA1EB0EE9D}"
EndProject
Project("{9A19103F-16F7-4668-BE54-9A1E7A4F7556}") = "PracticeWithTypes", "PracticeWithTypes\PracticeWithTypes.csproj", "{91C2161A-505D-4D59-8A30-572B93CFF5C7}"
EndProject
Project("{9A19103F-16F7-4668-BE54-9A1E7A4F7556}") = "Services", "Services\Services.csproj", "{68516DFA-9663-43F0-8F5D-D4F21F7CECE3}"
	ProjectSection(ProjectDependencies) = postProject
		{3293480B-3D47-4DC8-BEC3-12EA1EB0EE9D} = {3293480B-3D47-4DC8-BEC3-12EA1EB0EE9D}
	EndProjectSection
EndProject
Project("{9A19103F-16F7-4668-BE54-9A1E7A4F7556}") = "PracticeWithListDictionary", "PracticeWithListDictionary\PracticeWithListDictionary.csproj", "{67862A47-FF20-407D-AA7D-FC6766A445EC}"
	ProjectSection(ProjectDependencies) = postProject
		{3293480B-3D47-4DC8-BEC3-12EA1EB0EE9D} = {3293480B-3D47-4DC8-BEC3-12EA1EB0EE9D}
		{68516DFA-9663-43F0-8F5D-D4F21F7CECE3} = {68516DFA-9663-43F0-8F5D-D4F21F7CECE3}
	EndProjectSection
EndProject
Project("{FAE04EC0-301F-11D3-BF4B-00C04F79EFBC}") = "ServiceTests", "ServiceTests\ServiceTests.csproj", "{0E95144D-7F49-4D85-B4D4-98C51107C3E3}"
EndProject
Global
	GlobalSection(SolutionConfigurationPlatforms) = preSolution
		Debug|Any CPU = Debug|Any CPU
		Release|Any CPU = Release|Any CPU
	EndGlobalSection
	GlobalSection(ProjectConfigurationPlatforms) = postSolution
		{3293480B-3D47-4DC8-BEC3-12EA1EB0EE9D}.Debug|Any CPU.ActiveCfg = Debug|Any CPU
		{3293480B-3D47-4DC8-BEC3-12EA1EB0EE9D}.Debug|Any CPU.Build.0 = Debug|Any CPU
		{3293480B-3D47-4DC8-BEC3-12EA1EB0EE9D}.Release|Any CPU.ActiveCfg = Release|Any CPU
		{3293480B-3D47-4DC8-BEC3-12EA1EB0EE9D}.Release|Any CPU.Build.0 = Release|Any CPU
		{91C2161A-505D-4D59-8A30-572B93CFF5C7}.Debug|Any CPU.ActiveCfg = Debug|Any CPU
		{91C2161A-505D-4D59-8A30-572B93CFF5C7}.Debug|Any CPU.Build.0 = Debug|Any CPU
		{91C2161A-505D-4D59-8A30-572B93CFF5C7}.Release|Any CPU.ActiveCfg = Release|Any CPU
		{91C2161A-505D-4D59-8A30-572B93CFF5C7}.Release|Any CPU.Build.0 = Release|Any CPU
		{68516DFA-9663-43F0-8F5D-D4F21F7CECE3}.Debug|Any CPU.ActiveCfg = Debug|Any CPU
		{68516DFA-9663-43F0-8F5D-D4F21F7CECE3}.Debug|Any CPU.Build.0 = Debug|Any CPU
		{68516DFA-9663-43F0-8F5D-D4F21F7CECE3}.Release|Any CPU.ActiveCfg = Release|Any CPU
		{68516DFA-9663-43F0-8F5D-D4F21F7CECE3}.Release|Any CPU.Build.0 = Release|Any CPU
		{67862A47-FF20-407D-AA7D-FC6766A445EC}.Debug|Any CPU.ActiveCfg = Debug|Any CPU
		{67862A47-FF20-407D-AA7D-FC6766A445EC}.Debug|Any CPU.Build.0 = Debug|Any CPU
		{67862A47-FF20-407D-AA7D-FC6766A445EC}.Release|Any CPU.ActiveCfg = Release|Any CPU
		{67862A47-FF20-407D-AA7D-FC6766A445EC}.Release|Any CPU.Build.0 = Release|Any CPU
		{0E95144D-7F49-4D85-B4D4-98C51107C3E3}.Debug|Any CPU.ActiveCfg = Debug|Any CPU
		{0E95144D-7F49-4D85-B4D4-98C51107C3E3}.Debug|Any CPU.Build.0 = Debug|Any CPU
		{0E95144D-7F49-4D85-B4D4-98C51107C3E3}.Release|Any CPU.ActiveCfg = Release|Any CPU
		{0E95144D-7F49-4D85-B4D4-98C51107C3E3}.Release|Any CPU.Build.0 = Release|Any CPU
	EndGlobalSection
	GlobalSection(SolutionProperties) = preSolution
		HideSolutionNode = FALSE
	EndGlobalSection
	GlobalSection(NestedProjects) = preSolution
		{3293480B-3D47-4DC8-BEC3-12EA1EB0EE9D} = {2DAB60D7-5A6B-4CEC-A89D-2D0EA563B334}
		{91C2161A-505D-4D59-8A30-572B93CFF5C7} = {BCDD88E8-992E-4798-A26E-12FB1F55E5A5}
		{68516DFA-9663-43F0-8F5D-D4F21F7CECE3} = {2DAB60D7-5A6B-4CEC-A89D-2D0EA563B334}
		{67862A47-FF20-407D-AA7D-FC6766A445EC} = {BCDD88E8-992E-4798-A26E-12FB1F55E5A5}
		{0E95144D-7F49-4D85-B4D4-98C51107C3E3} = {2DAB60D7-5A6B-4CEC-A89D-2D0EA563B334}
	EndGlobalSection
	GlobalSection(ExtensibilityGlobals) = postSolution
		SolutionGuid = {0097849E-39FC-49C1-B05C-98D472240A58}
	EndGlobalSection
EndGlobal
